
Microsoft Visual Studio Solution File, Format Version 12.00
# Visual Studio Version 16
VisualStudioVersion = 16.0.31424.327
MinimumVisualStudioVersion = 10.0.40219.1
Project("{9A19103F-16F7-4668-BE54-9A1E7A4F7556}") = "LinkedList", "LinkedList.csproj", "{D9F5CC16-8887-4EE6-B0C0-8DD864DECC08}"
EndProject
Project("{FAE04EC0-301F-11D3-BF4B-00C04F79EFBC}") = "LinkedListTest", "..\LinkedListTest\LinkedListTest.csproj", "{98FA583B-26B7-44F3-B942-DC399FFADDAA}"
EndProject
Global
	GlobalSection(SolutionConfigurationPlatforms) = preSolution
		Debug|Any CPU = Debug|Any CPU
		Release|Any CPU = Release|Any CPU
	EndGlobalSection
	GlobalSection(ProjectConfigurationPlatforms) = postSolution
		{D9F5CC16-8887-4EE6-B0C0-8DD864DECC08}.Debug|Any CPU.ActiveCfg = Debug|Any CPU
		{D9F5CC16-8887-4EE6-B0C0-8DD864DECC08}.Debug|Any CPU.Build.0 = Debug|Any CPU
		{D9F5CC16-8887-4EE6-B0C0-8DD864DECC08}.Release|Any CPU.ActiveCfg = Release|Any CPU
		{D9F5CC16-8887-4EE6-B0C0-8DD864DECC08}.Release|Any CPU.Build.0 = Release|Any CPU
		{98FA583B-26B7-44F3-B942-DC399FFADDAA}.Debug|Any CPU.ActiveCfg = Debug|Any CPU
		{98FA583B-26B7-44F3-B942-DC399FFADDAA}.Debug|Any CPU.Build.0 = Debug|Any CPU
		{98FA583B-26B7-44F3-B942-DC399FFADDAA}.Release|Any CPU.ActiveCfg = Release|Any CPU
		{98FA583B-26B7-44F3-B942-DC399FFADDAA}.Release|Any CPU.Build.0 = Release|Any CPU
	EndGlobalSection
	GlobalSection(SolutionProperties) = preSolution
		HideSolutionNode = FALSE
	EndGlobalSection
	GlobalSection(ExtensibilityGlobals) = postSolution
		SolutionGuid = {18A42B7C-EA98-4D94-B348-8B2ED3E6C230}
	EndGlobalSection
EndGlobal
